{
    "_readme": [
        "This file locks the dependencies of your project to a known state",
        "Read more about it at https://getcomposer.org/doc/01-basic-usage.md#composer-lock-the-lock-file",
        "This file is @generated automatically"
    ],
    "content-hash": "0e9ad4374050ffa4e4c603e6878bdfa0",
    "packages": [
        {
            "name": "philcook/gtmetrix",
            "version": "1.0.4",
            "source": {
                "type": "git",
                "url": "https://github.com/philcook/php-gtmetrix.git",
                "reference": "9a5c61449a0a42bc77188e752909608548cf292f"
            },
            "dist": {
                "type": "zip",
                "url": "https://api.github.com/repos/philcook/php-gtmetrix/zipball/9a5c61449a0a42bc77188e752909608548cf292f",
                "reference": "9a5c61449a0a42bc77188e752909608548cf292f",
                "shasum": ""
            },
            "require": {
                "ext-curl": "*",
                "php": ">=5.3.3"
            },
            "require-dev": {
                "apigen/apigen": "~4.1",
                "phing/phing": "~2.11",
                "phpunit/phpunit": "~4.6"
            },
            "type": "library",
            "autoload": {
                "psr-4": {
                    "Entrecore\\GTMetrixClient\\": "src/"
                }
            },
            "notification-url": "https://packagist.org/downloads/",
            "license": [
                "MIT"
            ],
            "description": "GTMetrix API client for PHP",
            "time": "2018-05-25T20:33:17+00:00"
        },
        {
            "name": "symfony/process",
            "version": "3.4.x-dev",
            "source": {
                "type": "git",
                "url": "https://github.com/symfony/process.git",
                "reference": "a9c4dfbf653023b668c282e4e02609d131f4057a"
            },
            "dist": {
                "type": "zip",
                "url": "https://api.github.com/repos/symfony/process/zipball/a9c4dfbf653023b668c282e4e02609d131f4057a",
                "reference": "a9c4dfbf653023b668c282e4e02609d131f4057a",
                "shasum": ""
            },
            "require": {
                "php": "^5.5.9|>=7.0.8"
            },
            "type": "library",
            "extra": {
                "branch-alias": {
                    "dev-master": "3.4-dev"
                }
            },
            "autoload": {
                "psr-4": {
                    "Symfony\\Component\\Process\\": ""
                },
                "exclude-from-classmap": [
                    "/Tests/"
                ]
            },
            "notification-url": "https://packagist.org/downloads/",
            "license": [
                "MIT"
            ],
            "authors": [
                {
                    "name": "Fabien Potencier",
                    "email": "fabien@symfony.com"
                },
                {
                    "name": "Symfony Community",
                    "homepage": "https://symfony.com/contributors"
                }
            ],
            "description": "Symfony Process Component",
            "homepage": "https://symfony.com",
            "time": "2019-04-08T16:15:54+00:00"
        }
    ],
    "packages-dev": [],
    "aliases": [],
    "minimum-stability": "dev",
    "stability-flags": [],
    "prefer-stable": false,
    "prefer-lowest": false,
    "platform": [],
    "platform-dev": []
}
